<?xml version="1.0" encoding="UTF-8" standalone="yes" ?>
<CodeBlocks_project_file>
	<FileVersion major="1" minor="6" />
	<Project>
		<Option title="GridWorld" />
		<Option pch_mode="2" />
		<Option compiler="gcc" />
		<Build>
			<Target title="Debug">
				<Option output="bin/Debug/GridWorld" prefix_auto="1" extension_auto="1" />
				<Option object_output="obj/Debug/" />
				<Option type="1" />
				<Option compiler="gcc" />
				<Compiler>
					<Add option="-std=c++11" />
					<Add option="-g" />
					<Add directory="game" />
					<Add directory="../deps/include/SDL" />
					<Add directory="../deps/include/glew" />
				</Compiler>
				<Linker>
					<Add library="mingw32" />
					<Add library="libSDL2main" />
					<Add library="libSDL2" />
					<Add library="glew32s" />
					<Add library="Opengl32" />
					<Add library="glew32" />
					<Add directory="../deps/lib" />
				</Linker>
			</Target>
			<Target title="Release">
				<Option output="bin/Release/GridWorld" prefix_auto="1" extension_auto="1" />
				<Option object_output="obj/Release/" />
				<Option type="1" />
				<Option compiler="gcc" />
				<Compiler>
					<Add option="-O2" />
					<Add directory="game" />
				</Compiler>
				<Linker>
					<Add option="-s" />
				</Linker>
			</Target>
		</Build>
		<Compiler>
			<Add option="-Wall" />
			<Add option="-fexceptions" />
		</Compiler>
		<Unit filename="game/GLSLProgram.cpp" />
		<Unit filename="game/GLSLProgram.h" />
		<Unit filename="game/GameState.cpp" />
		<Unit filename="game/GameState.h" />
		<Unit filename="game/Sprite.cpp" />
		<Unit filename="game/Sprite.h" />
		<Unit filename="game/game.cpp" />
		<Unit filename="game/game.h" />
		<Unit filename="main.cpp" />
		<Extensions>
			<code_completion />
			<envvars />
			<debugger />
			<lib_finder disable_auto="1" />
		</Extensions>
	</Project>
</CodeBlocks_project_file>
